
Microsoft Visual Studio Solution File, Format Version 12.00
# Visual Studio Version 16
VisualStudioVersion = 16.0.29123.88
MinimumVisualStudioVersion = 10.0.40219.1
Project("{FAE04EC0-301F-11D3-BF4B-00C04F79EFBC}") = "Price Point", "Price Point\Price Point.csproj", "{491CA960-F891-4CED-A981-5C64589ECDC9}"
EndProject
Global
	GlobalSection(SolutionConfigurationPlatforms) = preSolution
		Debug|Any CPU = Debug|Any CPU
		Release|Any CPU = Release|Any CPU
	EndGlobalSection
	GlobalSection(ProjectConfigurationPlatforms) = postSolution
		{491CA960-F891-4CED-A981-5C64589ECDC9}.Debug|Any CPU.ActiveCfg = Debug|Any CPU
		{491CA960-F891-4CED-A981-5C64589ECDC9}.Debug|Any CPU.Build.0 = Debug|Any CPU
		{491CA960-F891-4CED-A981-5C64589ECDC9}.Release|Any CPU.ActiveCfg = Release|Any CPU
		{491CA960-F891-4CED-A981-5C64589ECDC9}.Release|Any CPU.Build.0 = Release|Any CPU
	EndGlobalSection
	GlobalSection(SolutionProperties) = preSolution
		HideSolutionNode = FALSE
	EndGlobalSection
	GlobalSection(ExtensibilityGlobals) = postSolution
		SolutionGuid = {2EA28F6B-3A70-4BD6-8224-BC6E783E69A1}
	EndGlobalSection
EndGlobal
